// !$*UTF8*$!
{
	archiveVersion = 1;
	classes = {
	};
	objectVersion = 56;
	objects = {

/* Begin PBXBuildFile section */
		69C5E0CA29CB4ED20022E9ED /* HackerNewsApp.swift in Sources */ = {isa = PBXBuildFile; fileRef = 69C5E0C929CB4ED20022E9ED /* HackerNewsApp.swift */; };
		69C5E0CC29CB4ED20022E9ED /* ContentView.swift in Sources */ = {isa = PBXBuildFile; fileRef = 69C5E0CB29CB4ED20022E9ED /* ContentView.swift */; };
		69C5E0CE29CB4ED30022E9ED /* Assets.xcassets in Resources */ = {isa = PBXBuildFile; fileRef = 69C5E0CD29CB4ED30022E9ED /* Assets.xcassets */; };
		69C5E0D129CB4ED30022E9ED /* Preview Assets.xcassets in Resources */ = {isa = PBXBuildFile; fileRef = 69C5E0D029CB4ED30022E9ED /* Preview Assets.xcassets */; };
		69C5E0DB29CB4ED30022E9ED /* HackerNewsTests.swift in Sources */ = {isa = PBXBuildFile; fileRef = 69C5E0DA29CB4ED30022E9ED /* HackerNewsTests.swift */; };
		69C5E0E529CB4ED30022E9ED /* HackerNewsUITests.swift in Sources */ = {isa = PBXBuildFile; fileRef = 69C5E0E429CB4ED30022E9ED /* HackerNewsUITests.swift */; };
		69C5E0E729CB4ED30022E9ED /* HackerNewsUITestsLaunchTests.swift in Sources */ = {isa = PBXBuildFile; fileRef = 69C5E0E629CB4ED30022E9ED /* HackerNewsUITestsLaunchTests.swift */; };
		69C5E0F529CB54A30022E9ED /* NetworkManager.swift in Sources */ = {isa = PBXBuildFile; fileRef = 69C5E0F429CB54A30022E9ED /* NetworkManager.swift */; };
		69C5E0F729CB56CE0022E9ED /* PostData.swift in Sources */ = {isa = PBXBuildFile; fileRef = 69C5E0F629CB56CE0022E9ED /* PostData.swift */; };
/* End PBXBuildFile section */

/* Begin PBXContainerItemProxy section */
		69C5E0D729CB4ED30022E9ED /* PBXContainerItemProxy */ = {
			isa = PBXContainerItemProxy;
			containerPortal = 69C5E0BE29CB4ED20022E9ED /* Project object */;
			proxyType = 1;
			remoteGlobalIDString = 69C5E0C529CB4ED20022E9ED;
			remoteInfo = HackerNews;
		};
		69C5E0E129CB4ED30022E9ED /* PBXContainerItemProxy */ = {
			isa = PBXContainerItemProxy;
			containerPortal = 69C5E0BE29CB4ED20022E9ED /* Project object */;
			proxyType = 1;
			remoteGlobalIDString = 69C5E0C529CB4ED20022E9ED;
			remoteInfo = HackerNews;
		};
/* End PBXContainerItemProxy section */

/* Begin PBXFileReference section */
		69C5E0C629CB4ED20022E9ED /* HackerNews.app */ = {isa = PBXFileReference; explicitFileType = wrapper.application; includeInIndex = 0; path = HackerNews.app; sourceTree = BUILT_PRODUCTS_DIR; };
		69C5E0C929CB4ED20022E9ED /* HackerNewsApp.swift */ = {isa = PBXFileReference; lastKnownFileType = sourcecode.swift; path = HackerNewsApp.swift; sourceTree = "<group>"; };
		69C5E0CB29CB4ED20022E9ED /* ContentView.swift */ = {isa = PBXFileReference; lastKnownFileType = sourcecode.swift; path = ContentView.swift; sourceTree = "<group>"; };
		69C5E0CD29CB4ED30022E9ED /* Assets.xcassets */ = {isa = PBXFileReference; lastKnownFileType = folder.assetcatalog; path = Assets.xcassets; sourceTree = "<group>"; };
		69C5E0D029CB4ED30022E9ED /* Preview Assets.xcassets */ = {isa = PBXFileReference; lastKnownFileType = folder.assetcatalog; path = "Preview Assets.xcassets"; sourceTree = "<group>"; };
		69C5E0D629CB4ED30022E9ED /* HackerNewsTests.xctest */ = {isa = PBXFileReference; explicitFileType = wrapper.cfbundle; includeInIndex = 0; path = HackerNewsTests.xctest; sourceTree = BUILT_PRODUCTS_DIR; };
		69C5E0DA29CB4ED30022E9ED /* HackerNewsTests.swift */ = {isa = PBXFileReference; lastKnownFileType = sourcecode.swift; path = HackerNewsTests.swift; sourceTree = "<group>"; };
		69C5E0E029CB4ED30022E9ED /* HackerNewsUITests.xctest */ = {isa = PBXFileReference; explicitFileType = wrapper.cfbundle; includeInIndex = 0; path = HackerNewsUITests.xctest; sourceTree = BUILT_PRODUCTS_DIR; };
		69C5E0E429CB4ED30022E9ED /* HackerNewsUITests.swift */ = {isa = PBXFileReference; lastKnownFileType = sourcecode.swift; path = HackerNewsUITests.swift; sourceTree = "<group>"; };
		69C5E0E629CB4ED30022E9ED /* HackerNewsUITestsLaunchTests.swift */ = {isa = PBXFileReference; lastKnownFileType = sourcecode.swift; path = HackerNewsUITestsLaunchTests.swift; sourceTree = "<group>"; };
		69C5E0F429CB54A30022E9ED /* NetworkManager.swift */ = {isa = PBXFileReference; lastKnownFileType = sourcecode.swift; path = NetworkManager.swift; sourceTree = "<group>"; };
		69C5E0F629CB56CE0022E9ED /* PostData.swift */ = {isa = PBXFileReference; lastKnownFileType = sourcecode.swift; path = PostData.swift; sourceTree = "<group>"; };
/* End PBXFileReference section */

/* Begin PBXFrameworksBuildPhase section */
		69C5E0C329CB4ED20022E9ED /* Frameworks */ = {
			isa = PBXFrameworksBuildPhase;
			buildActionMask = 2147483647;
			files = (
			);
			runOnlyForDeploymentPostprocessing = 0;
		};
		69C5E0D329CB4ED30022E9ED /* Frameworks */ = {
			isa = PBXFrameworksBuildPhase;
			buildActionMask = 2147483647;
			files = (
			);
			runOnlyForDeploymentPostprocessing = 0;
		};
		69C5E0DD29CB4ED30022E9ED /* Frameworks */ = {
			isa = PBXFrameworksBuildPhase;
			buildActionMask = 2147483647;
			files = (
			);
			runOnlyForDeploymentPostprocessing = 0;
		};
/* End PBXFrameworksBuildPhase section */

/* Begin PBXGroup section */
		69C5E0BD29CB4ED20022E9ED = {
			isa = PBXGroup;
			children = (
				69C5E0C829CB4ED20022E9ED /* HackerNews */,
				69C5E0D929CB4ED30022E9ED /* HackerNewsTests */,
				69C5E0E329CB4ED30022E9ED /* HackerNewsUITests */,
				69C5E0C729CB4ED20022E9ED /* Products */,
			);
			sourceTree = "<group>";
		};
		69C5E0C729CB4ED20022E9ED /* Products */ = {
			isa = PBXGroup;
			children = (
				69C5E0C629CB4ED20022E9ED /* HackerNews.app */,
				69C5E0D629CB4ED30022E9ED /* HackerNewsTests.xctest */,
				69C5E0E029CB4ED30022E9ED /* HackerNewsUITests.xctest */,
			);
			name = Products;
			sourceTree = "<group>";
		};
		69C5E0C829CB4ED20022E9ED /* HackerNews */ = {
			isa = PBXGroup;
			children = (
				69C5E0F329CB547B0022E9ED /* Models */,
				69C5E0C929CB4ED20022E9ED /* HackerNewsApp.swift */,
				69C5E0CB29CB4ED20022E9ED /* ContentView.swift */,
				69C5E0CD29CB4ED30022E9ED /* Assets.xcassets */,
				69C5E0CF29CB4ED30022E9ED /* Preview Content */,
			);
			path = HackerNews;
			sourceTree = "<group>";
		};
		69C5E0CF29CB4ED30022E9ED /* Preview Content */ = {
			isa = PBXGroup;
			children = (
				69C5E0D029CB4ED30022E9ED /* Preview Assets.xcassets */,
			);
			path = "Preview Content";
			sourceTree = "<group>";
		};
		69C5E0D929CB4ED30022E9ED /* HackerNewsTests */ = {
			isa = PBXGroup;
			children = (
				69C5E0DA29CB4ED30022E9ED /* HackerNewsTests.swift */,
			);
			path = HackerNewsTests;
			sourceTree = "<group>";
		};
		69C5E0E329CB4ED30022E9ED /* HackerNewsUITests */ = {
			isa = PBXGroup;
			children = (
				69C5E0E429CB4ED30022E9ED /* HackerNewsUITests.swift */,
				69C5E0E629CB4ED30022E9ED /* HackerNewsUITestsLaunchTests.swift */,
			);
			path = HackerNewsUITests;
			sourceTree = "<group>";
		};
		69C5E0F329CB547B0022E9ED /* Models */ = {
			isa = PBXGroup;
			children = (
				69C5E0F429CB54A30022E9ED /* NetworkManager.swift */,
				69C5E0F629CB56CE0022E9ED /* PostData.swift */,
			);
			path = Models;
			sourceTree = "<group>";
		};
/* End PBXGroup section */

/* Begin PBXNativeTarget section */
		69C5E0C529CB4ED20022E9ED /* HackerNews */ = {
			isa = PBXNativeTarget;
			buildConfigurationList = 69C5E0EA29CB4ED30022E9ED /* Build configuration list for PBXNativeTarget "HackerNews" */;
			buildPhases = (
				69C5E0C229CB4ED20022E9ED /* Sources */,
				69C5E0C329CB4ED20022E9ED /* Frameworks */,
				69C5E0C429CB4ED20022E9ED /* Resources */,
			);
			buildRules = (
			);
			dependencies = (
			);
			name = HackerNews;
			productName = HackerNews;
			productReference = 69C5E0C629CB4ED20022E9ED /* HackerNews.app */;
			productType = "com.apple.product-type.application";
		};
		69C5E0D529CB4ED30022E9ED /* HackerNewsTests */ = {
			isa = PBXNativeTarget;
			buildConfigurationList = 69C5E0ED29CB4ED30022E9ED /* Build configuration list for PBXNativeTarget "HackerNewsTests" */;
			buildPhases = (
				69C5E0D229CB4ED30022E9ED /* Sources */,
				69C5E0D329CB4ED30022E9ED /* Frameworks */,
				69C5E0D429CB4ED30022E9ED /* Resources */,
			);
			buildRules = (
			);
			dependencies = (
				69C5E0D829CB4ED30022E9ED /* PBXTargetDependency */,
			);
			name = HackerNewsTests;
			productName = HackerNewsTests;
			productReference = 69C5E0D629CB4ED30022E9ED /* HackerNewsTests.xctest */;
			productType = "com.apple.product-type.bundle.unit-test";
		};
		69C5E0DF29CB4ED30022E9ED /* HackerNewsUITests */ = {
			isa = PBXNativeTarget;
			buildConfigurationList = 69C5E0F029CB4ED30022E9ED /* Build configuration list for PBXNativeTarget "HackerNewsUITests" */;
			buildPhases = (
				69C5E0DC29CB4ED30022E9ED /* Sources */,
				69C5E0DD29CB4ED30022E9ED /* Frameworks */,
				69C5E0DE29CB4ED30022E9ED /* Resources */,
			);
			buildRules = (
			);
			dependencies = (
				69C5E0E229CB4ED30022E9ED /* PBXTargetDependency */,
			);
			name = HackerNewsUITests;
			productName = HackerNewsUITests;
			productReference = 69C5E0E029CB4ED30022E9ED /* HackerNewsUITests.xctest */;
			productType = "com.apple.product-type.bundle.ui-testing";
		};
/* End PBXNativeTarget section */

/* Begin PBXProject section */
		69C5E0BE29CB4ED20022E9ED /* Project object */ = {
			isa = PBXProject;
			attributes = {
				BuildIndependentTargetsInParallel = 1;
				LastSwiftUpdateCheck = 1420;
				LastUpgradeCheck = 1420;
				TargetAttributes = {
					69C5E0C529CB4ED20022E9ED = {
						CreatedOnToolsVersion = 14.2;
					};
					69C5E0D529CB4ED30022E9ED = {
						CreatedOnToolsVersion = 14.2;
						TestTargetID = 69C5E0C529CB4ED20022E9ED;
					};
					69C5E0DF29CB4ED30022E9ED = {
						CreatedOnToolsVersion = 14.2;
						TestTargetID = 69C5E0C529CB4ED20022E9ED;
					};
				};
			};
			buildConfigurationList = 69C5E0C129CB4ED20022E9ED /* Build configuration list for PBXProject "HackerNews" */;
			compatibilityVersion = "Xcode 14.0";
			developmentRegion = en;
			hasScannedForEncodings = 0;
			knownRegions = (
				en,
				Base,
			);
			mainGroup = 69C5E0BD29CB4ED20022E9ED;
			productRefGroup = 69C5E0C729CB4ED20022E9ED /* Products */;
			projectDirPath = "";
			projectRoot = "";
			targets = (
				69C5E0C529CB4ED20022E9ED /* HackerNews */,
				69C5E0D529CB4ED30022E9ED /* HackerNewsTests */,
				69C5E0DF29CB4ED30022E9ED /* HackerNewsUITests */,
			);
		};
/* End PBXProject section */

/* Begin PBXResourcesBuildPhase section */
		69C5E0C429CB4ED20022E9ED /* Resources */ = {
			isa = PBXResourcesBuildPhase;
			buildActionMask = 2147483647;
			files = (
				69C5E0D129CB4ED30022E9ED /* Preview Assets.xcassets in Resources */,
				69C5E0CE29CB4ED30022E9ED /* Assets.xcassets in Resources */,
			);
			runOnlyForDeploymentPostprocessing = 0;
		};
		69C5E0D429CB4ED30022E9ED /* Resources */ = {
			isa = PBXResourcesBuildPhase;
			buildActionMask = 2147483647;
			files = (
			);
			runOnlyForDeploymentPostprocessing = 0;
		};
		69C5E0DE29CB4ED30022E9ED /* Resources */ = {
			isa = PBXResourcesBuildPhase;
			buildActionMask = 2147483647;
			files = (
			);
			runOnlyForDeploymentPostprocessing = 0;
		};
/* End PBXResourcesBuildPhase section */

/* Begin PBXSourcesBuildPhase section */
		69C5E0C229CB4ED20022E9ED /* Sources */ = {
			isa = PBXSourcesBuildPhase;
			buildActionMask = 2147483647;
			files = (
				69C5E0F529CB54A30022E9ED /* NetworkManager.swift in Sources */,
				69C5E0F729CB56CE0022E9ED /* PostData.swift in Sources */,
				69C5E0CC29CB4ED20022E9ED /* ContentView.swift in Sources */,
				69C5E0CA29CB4ED20022E9ED /* HackerNewsApp.swift in Sources */,
			);
			runOnlyForDeploymentPostprocessing = 0;
		};
		69C5E0D229CB4ED30022E9ED /* Sources */ = {
			isa = PBXSourcesBuildPhase;
			buildActionMask = 2147483647;
			files = (
				69C5E0DB29CB4ED30022E9ED /* HackerNewsTests.swift in Sources */,
			);
			runOnlyForDeploymentPostprocessing = 0;
		};
		69C5E0DC29CB4ED30022E9ED /* Sources */ = {
			isa = PBXSourcesBuildPhase;
			buildActionMask = 2147483647;
			files = (
				69C5E0E529CB4ED30022E9ED /* HackerNewsUITests.swift in Sources */,
				69C5E0E729CB4ED30022E9ED /* HackerNewsUITestsLaunchTests.swift in Sources */,
			);
			runOnlyForDeploymentPostprocessing = 0;
		};
/* End PBXSourcesBuildPhase section */

/* Begin PBXTargetDependency section */
		69C5E0D829CB4ED30022E9ED /* PBXTargetDependency */ = {
			isa = PBXTargetDependency;
			target = 69C5E0C529CB4ED20022E9ED /* HackerNews */;
			targetProxy = 69C5E0D729CB4ED30022E9ED /* PBXContainerItemProxy */;
		};
		69C5E0E229CB4ED30022E9ED /* PBXTargetDependency */ = {
			isa = PBXTargetDependency;
			target = 69C5E0C529CB4ED20022E9ED /* HackerNews */;
			targetProxy = 69C5E0E129CB4ED30022E9ED /* PBXContainerItemProxy */;
		};
/* End PBXTargetDependency section */

/* Begin XCBuildConfiguration section */
		69C5E0E829CB4ED30022E9ED /* Debug */ = {
			isa = XCBuildConfiguration;
			buildSettings = {
				ALWAYS_SEARCH_USER_PATHS = NO;
				CLANG_ANALYZER_NONNULL = YES;
				CLANG_ANALYZER_NUMBER_OBJECT_CONVERSION = YES_AGGRESSIVE;
				CLANG_CXX_LANGUAGE_STANDARD = "gnu++20";
				CLANG_ENABLE_MODULES = YES;
				CLANG_ENABLE_OBJC_ARC = YES;
				CLANG_ENABLE_OBJC_WEAK = YES;
				CLANG_WARN_BLOCK_CAPTURE_AUTORELEASING = YES;
				CLANG_WARN_BOOL_CONVERSION = YES;
				CLANG_WARN_COMMA = YES;
				CLANG_WARN_CONSTANT_CONVERSION = YES;
				CLANG_WARN_DEPRECATED_OBJC_IMPLEMENTATIONS = YES;
				CLANG_WARN_DIRECT_OBJC_ISA_USAGE = YES_ERROR;
				CLANG_WARN_DOCUMENTATION_COMMENTS = YES;
				CLANG_WARN_EMPTY_BODY = YES;
				CLANG_WARN_ENUM_CONVERSION = YES;
				CLANG_WARN_INFINITE_RECURSION = YES;
				CLANG_WARN_INT_CONVERSION = YES;
				CLANG_WARN_NON_LITERAL_NULL_CONVERSION = YES;
				CLANG_WARN_OBJC_IMPLICIT_RETAIN_SELF = YES;
				CLANG_WARN_OBJC_LITERAL_CONVERSION = YES;
				CLANG_WARN_OBJC_ROOT_CLASS = YES_ERROR;
				CLANG_WARN_QUOTED_INCLUDE_IN_FRAMEWORK_HEADER = YES;
				CLANG_WARN_RANGE_LOOP_ANALYSIS = YES;
				CLANG_WARN_STRICT_PROTOTYPES = YES;
				CLANG_WARN_SUSPICIOUS_MOVE = YES;
				CLANG_WARN_UNGUARDED_AVAILABILITY = YES_AGGRESSIVE;
				CLANG_WARN_UNREACHABLE_CODE = YES;
				CLANG_WARN__DUPLICATE_METHOD_MATCH = YES;
				COPY_PHASE_STRIP = NO;
				DEBUG_INFORMATION_FORMAT = dwarf;
				ENABLE_STRICT_OBJC_MSGSEND = YES;
				ENABLE_TESTABILITY = YES;
				GCC_C_LANGUAGE_STANDARD = gnu11;
				GCC_DYNAMIC_NO_PIC = NO;
				GCC_NO_COMMON_BLOCKS = YES;
				GCC_OPTIMIZATION_LEVEL = 0;
				GCC_PREPROCESSOR_DEFINITIONS = (
					"DEBUG=1",
					"$(inherited)",
				);
				GCC_WARN_64_TO_32_BIT_CONVERSION = YES;
				GCC_WARN_ABOUT_RETURN_TYPE = YES_ERROR;
				GCC_WARN_UNDECLARED_SELECTOR = YES;
				GCC_WARN_UNINITIALIZED_AUTOS = YES_AGGRESSIVE;
				GCC_WARN_UNUSED_FUNCTION = YES;
				GCC_WARN_UNUSED_VARIABLE = YES;
				IPHONEOS_DEPLOYMENT_TARGET = 16.2;
				MTL_ENABLE_DEBUG_INFO = INCLUDE_SOURCE;
				MTL_FAST_MATH = YES;
				ONLY_ACTIVE_ARCH = YES;
				SDKROOT = iphoneos;
				SWIFT_ACTIVE_COMPILATION_CONDITIONS = DEBUG;
				SWIFT_OPTIMIZATION_LEVEL = "-Onone";
			};
			name = Debug;
		};
		69C5E0E929CB4ED30022E9ED /* Release */ = {
			isa = XCBuildConfiguration;
			buildSettings = {
				ALWAYS_SEARCH_USER_PATHS = NO;
				CLANG_ANALYZER_NONNULL = YES;
				CLANG_ANALYZER_NUMBER_OBJECT_CONVERSION = YES_AGGRESSIVE;
				CLANG_CXX_LANGUAGE_STANDARD = "gnu++20";
				CLANG_ENABLE_MODULES = YES;
				CLANG_ENABLE_OBJC_ARC = YES;
				CLANG_ENABLE_OBJC_WEAK = YES;
				CLANG_WARN_BLOCK_CAPTURE_AUTORELEASING = YES;
				CLANG_WARN_BOOL_CONVERSION = YES;
				CLANG_WARN_COMMA = YES;
				CLANG_WARN_CONSTANT_CONVERSION = YES;
				CLANG_WARN_DEPRECATED_OBJC_IMPLEMENTATIONS = YES;
				CLANG_WARN_DIRECT_OBJC_ISA_USAGE = YES_ERROR;
				CLANG_WARN_DOCUMENTATION_COMMENTS = YES;
				CLANG_WARN_EMPTY_BODY = YES;
				CLANG_WARN_ENUM_CONVERSION = YES;
				CLANG_WARN_INFINITE_RECURSION = YES;
				CLANG_WARN_INT_CONVERSION = YES;
				CLANG_WARN_NON_LITERAL_NULL_CONVERSION = YES;
				CLANG_WARN_OBJC_IMPLICIT_RETAIN_SELF = YES;
				CLANG_WARN_OBJC_LITERAL_CONVERSION = YES;
				CLANG_WARN_OBJC_ROOT_CLASS = YES_ERROR;
				CLANG_WARN_QUOTED_INCLUDE_IN_FRAMEWORK_HEADER = YES;
				CLANG_WARN_RANGE_LOOP_ANALYSIS = YES;
				CLANG_WARN_STRICT_PROTOTYPES = YES;
				CLANG_WARN_SUSPICIOUS_MOVE = YES;
				CLANG_WARN_UNGUARDED_AVAILABILITY = YES_AGGRESSIVE;
				CLANG_WARN_UNREACHABLE_CODE = YES;
				CLANG_WARN__DUPLICATE_METHOD_MATCH = YES;
				COPY_PHASE_STRIP = NO;
				DEBUG_INFORMATION_FORMAT = "dwarf-with-dsym";
				ENABLE_NS_ASSERTIONS = NO;
				ENABLE_STRICT_OBJC_MSGSEND = YES;
				GCC_C_LANGUAGE_STANDARD = gnu11;
				GCC_NO_COMMON_BLOCKS = YES;
				GCC_WARN_64_TO_32_BIT_CONVERSION = YES;
				GCC_WARN_ABOUT_RETURN_TYPE = YES_ERROR;
				GCC_WARN_UNDECLARED_SELECTOR = YES;
				GCC_WARN_UNINITIALIZED_AUTOS = YES_AGGRESSIVE;
				GCC_WARN_UNUSED_FUNCTION = YES;
				GCC_WARN_UNUSED_VARIABLE = YES;
				IPHONEOS_DEPLOYMENT_TARGET = 16.2;
				MTL_ENABLE_DEBUG_INFO = NO;
				MTL_FAST_MATH = YES;
				SDKROOT = iphoneos;
				SWIFT_COMPILATION_MODE = wholemodule;
				SWIFT_OPTIMIZATION_LEVEL = "-O";
				VALIDATE_PRODUCT = YES;
			};
			name = Release;
		};
		69C5E0EB29CB4ED30022E9ED /* Debug */ = {
			isa = XCBuildConfiguration;
			buildSettings = {
				ASSETCATALOG_COMPILER_APPICON_NAME = AppIcon;
				ASSETCATALOG_COMPILER_GLOBAL_ACCENT_COLOR_NAME = AccentColor;
				CODE_SIGN_STYLE = Automatic;
				CURRENT_PROJECT_VERSION = 1;
				DEVELOPMENT_ASSET_PATHS = "\"HackerNews/Preview Content\"";
				DEVELOPMENT_TEAM = RXP67AQN3R;
				ENABLE_PREVIEWS = YES;
				GENERATE_INFOPLIST_FILE = YES;
				INFOPLIST_KEY_UIApplicationSceneManifest_Generation = YES;
				INFOPLIST_KEY_UIApplicationSupportsIndirectInputEvents = YES;
				INFOPLIST_KEY_UILaunchScreen_Generation = YES;
				INFOPLIST_KEY_UISupportedInterfaceOrientations_iPad = "UIInterfaceOrientationPortrait UIInterfaceOrientationPortraitUpsideDown UIInterfaceOrientationLandscapeLeft UIInterfaceOrientationLandscapeRight";
				INFOPLIST_KEY_UISupportedInterfaceOrientations_iPhone = "UIInterfaceOrientationPortrait UIInterfaceOrientationLandscapeLeft UIInterfaceOrientationLandscapeRight";
				LD_RUNPATH_SEARCH_PATHS = (
					"$(inherited)",
					"@executable_path/Frameworks",
				);
				MARKETING_VERSION = 1.0;
				PRODUCT_BUNDLE_IDENTIFIER = com.jay.HackerNews;
				PRODUCT_NAME = "$(TARGET_NAME)";
				SWIFT_EMIT_LOC_STRINGS = YES;
				SWIFT_VERSION = 5.0;
				TARGETED_DEVICE_FAMILY = "1,2";
			};
			name = Debug;
		};
		69C5E0EC29CB4ED30022E9ED /* Release */ = {
			isa = XCBuildConfiguration;
			buildSettings = {
				ASSETCATALOG_COMPILER_APPICON_NAME = AppIcon;
				ASSETCATALOG_COMPILER_GLOBAL_ACCENT_COLOR_NAME = AccentColor;
				CODE_SIGN_STYLE = Automatic;
				CURRENT_PROJECT_VERSION = 1;
				DEVELOPMENT_ASSET_PATHS = "\"HackerNews/Preview Content\"";
				DEVELOPMENT_TEAM = RXP67AQN3R;
				ENABLE_PREVIEWS = YES;
				GENERATE_INFOPLIST_FILE = YES;
				INFOPLIST_KEY_UIApplicationSceneManifest_Generation = YES;
				INFOPLIST_KEY_UIApplicationSupportsIndirectInputEvents = YES;
				INFOPLIST_KEY_UILaunchScreen_Generation = YES;
				INFOPLIST_KEY_UISupportedInterfaceOrientations_iPad = "UIInterfaceOrientationPortrait UIInterfaceOrientationPortraitUpsideDown UIInterfaceOrientationLandscapeLeft UIInterfaceOrientationLandscapeRight";
				INFOPLIST_KEY_UISupportedInterfaceOrientations_iPhone = "UIInterfaceOrientationPortrait UIInterfaceOrientationLandscapeLeft UIInterfaceOrientationLandscapeRight";
				LD_RUNPATH_SEARCH_PATHS = (
					"$(inherited)",
					"@executable_path/Frameworks",
				);
				MARKETING_VERSION = 1.0;
				PRODUCT_BUNDLE_IDENTIFIER = com.jay.HackerNews;
				PRODUCT_NAME = "$(TARGET_NAME)";
				SWIFT_EMIT_LOC_STRINGS = YES;
				SWIFT_VERSION = 5.0;
				TARGETED_DEVICE_FAMILY = "1,2";
			};
			name = Release;
		};
		69C5E0EE29CB4ED30022E9ED /* Debug */ = {
			isa = XCBuildConfiguration;
			buildSettings = {
				ALWAYS_EMBED_SWIFT_STANDARD_LIBRARIES = YES;
				BUNDLE_LOADER = "$(TEST_HOST)";
				CODE_SIGN_STYLE = Automatic;
				CURRENT_PROJECT_VERSION = 1;
				DEVELOPMENT_TEAM = RXP67AQN3R;
				GENERATE_INFOPLIST_FILE = YES;
				IPHONEOS_DEPLOYMENT_TARGET = 16.2;
				MARKETING_VERSION = 1.0;
				PRODUCT_BUNDLE_IDENTIFIER = com.jay.HackerNewsTests;
				PRODUCT_NAME = "$(TARGET_NAME)";
				SWIFT_EMIT_LOC_STRINGS = NO;
				SWIFT_VERSION = 5.0;
				TARGETED_DEVICE_FAMILY = "1,2";
				TEST_HOST = "$(BUILT_PRODUCTS_DIR)/HackerNews.app/$(BUNDLE_EXECUTABLE_FOLDER_PATH)/HackerNews";
			};
			name = Debug;
		};
		69C5E0EF29CB4ED30022E9ED /* Release */ = {
			isa = XCBuildConfiguration;
			buildSettings = {
				ALWAYS_EMBED_SWIFT_STANDARD_LIBRARIES = YES;
				BUNDLE_LOADER = "$(TEST_HOST)";
				CODE_SIGN_STYLE = Automatic;
				CURRENT_PROJECT_VERSION = 1;
				DEVELOPMENT_TEAM = RXP67AQN3R;
				GENERATE_INFOPLIST_FILE = YES;
				IPHONEOS_DEPLOYMENT_TARGET = 16.2;
				MARKETING_VERSION = 1.0;
				PRODUCT_BUNDLE_IDENTIFIER = com.jay.HackerNewsTests;
				PRODUCT_NAME = "$(TARGET_NAME)";
				SWIFT_EMIT_LOC_STRINGS = NO;
				SWIFT_VERSION = 5.0;
				TARGETED_DEVICE_FAMILY = "1,2";
				TEST_HOST = "$(BUILT_PRODUCTS_DIR)/HackerNews.app/$(BUNDLE_EXECUTABLE_FOLDER_PATH)/HackerNews";
			};
			name = Release;
		};
		69C5E0F129CB4ED30022E9ED /* Debug */ = {
			isa = XCBuildConfiguration;
			buildSettings = {
				ALWAYS_EMBED_SWIFT_STANDARD_LIBRARIES = YES;
				CODE_SIGN_STYLE = Automatic;
				CURRENT_PROJECT_VERSION = 1;
				DEVELOPMENT_TEAM = RXP67AQN3R;
				GENERATE_INFOPLIST_FILE = YES;
				MARKETING_VERSION = 1.0;
				PRODUCT_BUNDLE_IDENTIFIER = com.jay.HackerNewsUITests;
				PRODUCT_NAME = "$(TARGET_NAME)";
				SWIFT_EMIT_LOC_STRINGS = NO;
				SWIFT_VERSION = 5.0;
				TARGETED_DEVICE_FAMILY = "1,2";
				TEST_TARGET_NAME = HackerNews;
			};
			name = Debug;
		};
		69C5E0F229CB4ED30022E9ED /* Release */ = {
			isa = XCBuildConfiguration;
			buildSettings = {
				ALWAYS_EMBED_SWIFT_STANDARD_LIBRARIES = YES;
				CODE_SIGN_STYLE = Automatic;
				CURRENT_PROJECT_VERSION = 1;
				DEVELOPMENT_TEAM = RXP67AQN3R;
				GENERATE_INFOPLIST_FILE = YES;
				MARKETING_VERSION = 1.0;
				PRODUCT_BUNDLE_IDENTIFIER = com.jay.HackerNewsUITests;
				PRODUCT_NAME = "$(TARGET_NAME)";
				SWIFT_EMIT_LOC_STRINGS = NO;
				SWIFT_VERSION = 5.0;
				TARGETED_DEVICE_FAMILY = "1,2";
				TEST_TARGET_NAME = HackerNews;
			};
			name = Release;
		};
/* End XCBuildConfiguration section */

/* Begin XCConfigurationList section */
		69C5E0C129CB4ED20022E9ED /* Build configuration list for PBXProject "HackerNews" */ = {
			isa = XCConfigurationList;
			buildConfigurations = (
				69C5E0E829CB4ED30022E9ED /* Debug */,
				69C5E0E929CB4ED30022E9ED /* Release */,
			);
			defaultConfigurationIsVisible = 0;
			defaultConfigurationName = Release;
		};
		69C5E0EA29CB4ED30022E9ED /* Build configuration list for PBXNativeTarget "HackerNews" */ = {
			isa = XCConfigurationList;
			buildConfigurations = (
				69C5E0EB29CB4ED30022E9ED /* Debug */,
				69C5E0EC29CB4ED30022E9ED /* Release */,
			);
			defaultConfigurationIsVisible = 0;
			defaultConfigurationName = Release;
		};
		69C5E0ED29CB4ED30022E9ED /* Build configuration list for PBXNativeTarget "HackerNewsTests" */ = {
			isa = XCConfigurationList;
			buildConfigurations = (
				69C5E0EE29CB4ED30022E9ED /* Debug */,
				69C5E0EF29CB4ED30022E9ED /* Release */,
			);
			defaultConfigurationIsVisible = 0;
			defaultConfigurationName = Release;
		};
		69C5E0F029CB4ED30022E9ED /* Build configuration list for PBXNativeTarget "HackerNewsUITests" */ = {
			isa = XCConfigurationList;
			buildConfigurations = (
				69C5E0F129CB4ED30022E9ED /* Debug */,
				69C5E0F229CB4ED30022E9ED /* Release */,
			);
			defaultConfigurationIsVisible = 0;
			defaultConfigurationName = Release;
		};
/* End XCConfigurationList section */
	};
	rootObject = 69C5E0BE29CB4ED20022E9ED /* Project object */;
}
